# This file is autogenerated, do not edit; changes may be undone by the next 'dep ensure'.


[[projects]]
  digest = "1:9909e0a06cff3bd88841c9d2e0cc91b0a431676009018c74c3315f33b49b0046"
  name = "github.com/StackExchange/wmi"
  packages = ["."]
  pruneopts = "UT"
  revision = "cbe66965904dbe8a6cd589e2298e5d8b986bd7dd"
  version = "1.1.0"

[[projects]]
  branch = "master"
  digest = "1:197859ec3399ab85b72e7de88d85fbfa29d75692ddcf9f8bb81af4c73c6c49f7"
  name = "github.com/davidscholberg/go-durationfmt"
  packages = ["."]
  pruneopts = "UT"
  revision = "64843a2083d31a1c3b4adf5d1e3a7651eefdad56"

[[projects]]
  digest = "1:ffcd21c81dfcfe0f374b6e28326e4297dd3e30100759f46b370de365a9933e62"
  name = "github.com/distatus/battery"
  packages = ["."]
  pruneopts = "UT"
  revision = "aa540e5be8de3bd83449b7a099341109e9ac1153"
  version = "v0.10.0"

[[projects]]
  digest = "1:6f9339c912bbdda81302633ad7e99a28dfa5a639c864061f1929510a9a64aa74"
  name = "github.com/dustin/go-humanize"
  packages = ["."]
  pruneopts = "UT"
  revision = "9f541cc9db5d55bce703bd99987c9d5cb8eea45e"
  version = "v1.0.0"

[[projects]]
  digest = "1:440028f55cb322d8cb5b9d5ebec298a00b7d74690a658fe6b1c0c0b44341bfae"
  name = "github.com/go-ole/go-ole"
  packages = [
    ".",
    "oleutil",
  ]
  pruneopts = "UT"
  revision = "97b6244175ae18ea6eef668034fd6565847501c9"
  version = "v1.2.4"

[[projects]]
  digest = "1:31e761d97c76151dde79e9d28964a812c46efc5baee4085b86f68f0c654450de"
  name = "github.com/konsorten/go-windows-terminal-sequences"
  packages = ["."]
  pruneopts = "UT"
  revision = "f55edac94c9bbba5d6182a4be46d86a2c9b5b50e"
  version = "v1.0.2"

[[projects]]
  digest = "1:9eeb51b9bf003f8dfd78ca6138ca58e85d68cb073ff9b397c206b4f4fb8882f7"
  name = "github.com/shirou/gopsutil"
  packages = [
    "cpu",
    "host",
    "internal/common",
    "load",
    "mem",
    "net",
    "process",
  ]
  pruneopts = "UT"
  revision = "a3b23c5ccf4fb7b33d319fcaad53d7777907f4e1"
  version = "v2.20.2"

[[projects]]
  digest = "1:04457f9f6f3ffc5fea48e71d62f2ca256637dee0a04d710288e27e05c8b41976"
  name = "github.com/sirupsen/logrus"
  packages = ["."]
  pruneopts = "UT"
  revision = "839c75faf7f98a33d445d181f3018b5c3409a45e"
  version = "v1.4.2"

[[projects]]
  branch = "master"
  digest = "1:e32edd8d81fe0447cb6855e2d2b0549b63717539513e09b3a1e4bb20d48f46c6"
  name = "golang.org/x/sys"
  packages = [
    "unix",
    "windows",
  ]
  pruneopts = "UT"
  revision = "5c8b2ff67527cb88b770f693cebf3799036d8bc0"

[[projects]]
  digest = "1:55b110c99c5fdc4f14930747326acce56b52cfce60b24b1c03ef686ac0e46bb1"
  name = "gopkg.in/yaml.v2"
  packages = ["."]
  pruneopts = "UT"
  revision = "53403b58ad1b561927d19068c655246f2db79d48"
  version = "v2.2.8"

[[projects]]
  branch = "master"
  digest = "1:bc88f8258129a6b4eaf52d8095b3f0bcf68e065aca273aaf6ee7d3c7e464c510"
  name = "howett.net/plist"
  packages = ["."]
  pruneopts = "UT"
  revision = "77e249a2e2ba6362794925035a31bea61b902a1e"

[solve-meta]
  analyzer-name = "dep"
  analyzer-version = 1
  input-imports = [
    "github.com/davidscholberg/go-durationfmt",
    "github.com/distatus/battery",
    "github.com/dustin/go-humanize",
    "github.com/shirou/gopsutil/cpu",
    "github.com/shirou/gopsutil/host",
    "github.com/shirou/gopsutil/load",
    "github.com/shirou/gopsutil/mem",
    "github.com/sirupsen/logrus",
    "gopkg.in/yaml.v2",
  ]
  solver-name = "gps-cdcl"
  solver-version = 1
